
Microsoft Visual Studio Solution File, Format Version 12.00
# Visual Studio Version 17
VisualStudioVersion = 17.11.35312.102
MinimumVisualStudioVersion = 10.0.40219.1
Project("{9A19103F-16F7-4668-BE54-9A1E7A4F7556}") = "TaskMgtWebApI", "TaskMgtWebApI\TaskMgtWebApI.csproj", "{DADB940E-76DA-4D34-91EF-F3AB75E04B4D}"
	ProjectSection(ProjectDependencies) = postProject
		{6FCC0E7F-CE3A-41F5-BDF0-5BE2C54B4A76} = {6FCC0E7F-CE3A-41F5-BDF0-5BE2C54B4A76}
	EndProjectSection
EndProject
Project("{FAE04EC0-301F-11D3-BF4B-00C04F79EFBC}") = "TaskMgtMVC", "TaskMgtMVC\TaskMgtMVC.csproj", "{6FCC0E7F-CE3A-41F5-BDF0-5BE2C54B4A76}"
EndProject
Global
	GlobalSection(SolutionConfigurationPlatforms) = preSolution
		Debug|Any CPU = Debug|Any CPU
		Release|Any CPU = Release|Any CPU
	EndGlobalSection
	GlobalSection(ProjectConfigurationPlatforms) = postSolution
		{DADB940E-76DA-4D34-91EF-F3AB75E04B4D}.Debug|Any CPU.ActiveCfg = Debug|Any CPU
		{DADB940E-76DA-4D34-91EF-F3AB75E04B4D}.Debug|Any CPU.Build.0 = Debug|Any CPU
		{DADB940E-76DA-4D34-91EF-F3AB75E04B4D}.Release|Any CPU.ActiveCfg = Release|Any CPU
		{DADB940E-76DA-4D34-91EF-F3AB75E04B4D}.Release|Any CPU.Build.0 = Release|Any CPU
		{6FCC0E7F-CE3A-41F5-BDF0-5BE2C54B4A76}.Debug|Any CPU.ActiveCfg = Debug|Any CPU
		{6FCC0E7F-CE3A-41F5-BDF0-5BE2C54B4A76}.Debug|Any CPU.Build.0 = Debug|Any CPU
		{6FCC0E7F-CE3A-41F5-BDF0-5BE2C54B4A76}.Release|Any CPU.ActiveCfg = Release|Any CPU
		{6FCC0E7F-CE3A-41F5-BDF0-5BE2C54B4A76}.Release|Any CPU.Build.0 = Release|Any CPU
	EndGlobalSection
	GlobalSection(SolutionProperties) = preSolution
		HideSolutionNode = FALSE
	EndGlobalSection
	GlobalSection(ExtensibilityGlobals) = postSolution
		SolutionGuid = {37EDB267-8BBA-486C-8BC1-F42B74CC0CF1}
	EndGlobalSection
EndGlobal
